
Microsoft Visual Studio Solution File, Format Version 12.00
# Visual Studio Version 17
VisualStudioVersion = 17.2.32602.215
MinimumVisualStudioVersion = 10.0.40219.1
Project("{E24C65DC-7377-472B-9ABA-BC803B73C61A}") = "homeowners", ".", "{667D2E89-50CA-4FA9-AB90-229845133892}"
	ProjectSection(WebsiteProperties) = preProject
		TargetFrameworkMoniker = ".NETFramework,Version%3Dv4.6.1"
		Debug.AspNetCompiler.VirtualPath = "/HouseInsurance"
		Debug.AspNetCompiler.PhysicalPath = "..\hogar-agente-git\"
		Debug.AspNetCompiler.TargetPath = "PrecompiledWeb\HouseInsurance\"
		Debug.AspNetCompiler.Updateable = "true"
		Debug.AspNetCompiler.ForceOverwrite = "true"
		Debug.AspNetCompiler.FixedNames = "false"
		Debug.AspNetCompiler.Debug = "True"
		Release.AspNetCompiler.VirtualPath = "/HouseInsurance"
		Release.AspNetCompiler.PhysicalPath = "..\hogar-agente-git\"
		Release.AspNetCompiler.TargetPath = "PrecompiledWeb\HouseInsurance\"
		Release.AspNetCompiler.Updateable = "true"
		Release.AspNetCompiler.ForceOverwrite = "true"
		Release.AspNetCompiler.FixedNames = "false"
		Release.AspNetCompiler.Debug = "true"
		VWDPort = "13305"
		VWDVirtualPath = "/"
		SlnRelativePath = "..\hogar-agente-git\"
		StartServerOnDebug = "true"
	EndProjectSection
EndProject
Global
	GlobalSection(SolutionConfigurationPlatforms) = preSolution
		Debug|Any CPU = Debug|Any CPU
	EndGlobalSection
	GlobalSection(ProjectConfigurationPlatforms) = postSolution
		{667D2E89-50CA-4FA9-AB90-229845133892}.Debug|Any CPU.ActiveCfg = Debug|Any CPU
		{667D2E89-50CA-4FA9-AB90-229845133892}.Debug|Any CPU.Build.0 = Debug|Any CPU
	EndGlobalSection
	GlobalSection(SolutionProperties) = preSolution
		HideSolutionNode = FALSE
	EndGlobalSection
EndGlobal
